
Microsoft Visual Studio Solution File, Format Version 12.00
# Visual Studio Version 16
VisualStudioVersion = 16.0.29209.152
MinimumVisualStudioVersion = 10.0.40219.1
Project("{9A19103F-16F7-4668-BE54-9A1E7A4F7556}") = "NetCoreStarter.Utils", "NetCoreStarter.Utils\NetCoreStarter.Utils.csproj", "{1CF993B7-88C6-43F9-A174-FDC97EACA701}"
EndProject
Project("{9A19103F-16F7-4668-BE54-9A1E7A4F7556}") = "NetCoreStarter.Api", "NetCoreStarter.Api\NetCoreStarter.Api.csproj", "{2A0C5904-B0D2-4800-8C02-55027CBB96ED}"
EndProject
Project("{9A19103F-16F7-4668-BE54-9A1E7A4F7556}") = "NetCoreStarter.Web", "NetCoreStarter.Web\NetCoreStarter.Web.csproj", "{41A06491-0B73-4A4D-A4A3-B72CD85C7945}"
EndProject
Project("{9A19103F-16F7-4668-BE54-9A1E7A4F7556}") = "NetCoreStarter.Shared", "NetCoreStarter.Shared\NetCoreStarter.Shared.csproj", "{DD33D4BB-AEF0-4B10-BFF0-942F3ACE1B29}"
EndProject
Project("{FAE04EC0-301F-11D3-BF4B-00C04F79EFBC}") = "NetCoreStarter.Services", "NetCoreStarter.Services\NetCoreStarter.Services.csproj", "{79DF012A-3FC6-4E80-B467-2B8D2CACE3C0}"
EndProject
Global
	GlobalSection(SolutionConfigurationPlatforms) = preSolution
		Debug|Any CPU = Debug|Any CPU
		Release|Any CPU = Release|Any CPU
	EndGlobalSection
	GlobalSection(ProjectConfigurationPlatforms) = postSolution
		{1CF993B7-88C6-43F9-A174-FDC97EACA701}.Debug|Any CPU.ActiveCfg = Debug|Any CPU
		{1CF993B7-88C6-43F9-A174-FDC97EACA701}.Debug|Any CPU.Build.0 = Debug|Any CPU
		{1CF993B7-88C6-43F9-A174-FDC97EACA701}.Release|Any CPU.ActiveCfg = Release|Any CPU
		{1CF993B7-88C6-43F9-A174-FDC97EACA701}.Release|Any CPU.Build.0 = Release|Any CPU
		{2A0C5904-B0D2-4800-8C02-55027CBB96ED}.Debug|Any CPU.ActiveCfg = Debug|Any CPU
		{2A0C5904-B0D2-4800-8C02-55027CBB96ED}.Debug|Any CPU.Build.0 = Debug|Any CPU
		{2A0C5904-B0D2-4800-8C02-55027CBB96ED}.Release|Any CPU.ActiveCfg = Release|Any CPU
		{2A0C5904-B0D2-4800-8C02-55027CBB96ED}.Release|Any CPU.Build.0 = Release|Any CPU
		{41A06491-0B73-4A4D-A4A3-B72CD85C7945}.Debug|Any CPU.ActiveCfg = Debug|Any CPU
		{41A06491-0B73-4A4D-A4A3-B72CD85C7945}.Debug|Any CPU.Build.0 = Debug|Any CPU
		{41A06491-0B73-4A4D-A4A3-B72CD85C7945}.Release|Any CPU.ActiveCfg = Release|Any CPU
		{41A06491-0B73-4A4D-A4A3-B72CD85C7945}.Release|Any CPU.Build.0 = Release|Any CPU
		{DD33D4BB-AEF0-4B10-BFF0-942F3ACE1B29}.Debug|Any CPU.ActiveCfg = Debug|Any CPU
		{DD33D4BB-AEF0-4B10-BFF0-942F3ACE1B29}.Debug|Any CPU.Build.0 = Debug|Any CPU
		{DD33D4BB-AEF0-4B10-BFF0-942F3ACE1B29}.Release|Any CPU.ActiveCfg = Release|Any CPU
		{DD33D4BB-AEF0-4B10-BFF0-942F3ACE1B29}.Release|Any CPU.Build.0 = Release|Any CPU
		{79DF012A-3FC6-4E80-B467-2B8D2CACE3C0}.Debug|Any CPU.ActiveCfg = Debug|Any CPU
		{79DF012A-3FC6-4E80-B467-2B8D2CACE3C0}.Debug|Any CPU.Build.0 = Debug|Any CPU
		{79DF012A-3FC6-4E80-B467-2B8D2CACE3C0}.Release|Any CPU.ActiveCfg = Release|Any CPU
		{79DF012A-3FC6-4E80-B467-2B8D2CACE3C0}.Release|Any CPU.Build.0 = Release|Any CPU
	EndGlobalSection
	GlobalSection(SolutionProperties) = preSolution
		HideSolutionNode = FALSE
	EndGlobalSection
	GlobalSection(ExtensibilityGlobals) = postSolution
		SolutionGuid = {56A08C5A-F4CF-4B9F-B6C1-6A407EC392E7}
	EndGlobalSection
EndGlobal
