
Microsoft Visual Studio Solution File, Format Version 12.00
# Visual Studio Version 16
VisualStudioVersion = 16.0.29209.152
MinimumVisualStudioVersion = 10.0.40219.1
Project("{9A19103F-16F7-4668-BE54-9A1E7A4F7556}") = "NetCoreStarter.Web", "NetCoreStarter.Web\NetCoreStarter.Web.csproj", "{1A762606-0EFC-4356-94F1-2C042AD6DC1B}"
EndProject
Project("{9A19103F-16F7-4668-BE54-9A1E7A4F7556}") = "NetCoreStarter.Auth", "NetCoreStarter.Auth\NetCoreStarter.Auth.csproj", "{39A5CC9D-B71F-4DB5-98BE-81769C02886B}"
EndProject
Project("{FAE04EC0-301F-11D3-BF4B-00C04F79EFBC}") = "NetCoreStarter.Utils", "NetCoreStarter.Utils\NetCoreStarter.Utils.csproj", "{1CF993B7-88C6-43F9-A174-FDC97EACA701}"
EndProject
Project("{FAE04EC0-301F-11D3-BF4B-00C04F79EFBC}") = "NetCoreStarter.Data", "NetCoreStarter.Data\NetCoreStarter.Data.csproj", "{3EF49B81-584F-4C43-AEA5-D656456C316F}"
EndProject
Project("{FAE04EC0-301F-11D3-BF4B-00C04F79EFBC}") = "NetCoreStarter.Api", "NetCoreStarter.Api\NetCoreStarter.Api.csproj", "{2A0C5904-B0D2-4800-8C02-55027CBB96ED}"
EndProject
Global
	GlobalSection(SolutionConfigurationPlatforms) = preSolution
		Debug|Any CPU = Debug|Any CPU
		Release|Any CPU = Release|Any CPU
	EndGlobalSection
	GlobalSection(ProjectConfigurationPlatforms) = postSolution
		{1A762606-0EFC-4356-94F1-2C042AD6DC1B}.Debug|Any CPU.ActiveCfg = Debug|Any CPU
		{1A762606-0EFC-4356-94F1-2C042AD6DC1B}.Debug|Any CPU.Build.0 = Debug|Any CPU
		{1A762606-0EFC-4356-94F1-2C042AD6DC1B}.Release|Any CPU.ActiveCfg = Release|Any CPU
		{1A762606-0EFC-4356-94F1-2C042AD6DC1B}.Release|Any CPU.Build.0 = Release|Any CPU
		{39A5CC9D-B71F-4DB5-98BE-81769C02886B}.Debug|Any CPU.ActiveCfg = Debug|Any CPU
		{39A5CC9D-B71F-4DB5-98BE-81769C02886B}.Debug|Any CPU.Build.0 = Debug|Any CPU
		{39A5CC9D-B71F-4DB5-98BE-81769C02886B}.Release|Any CPU.ActiveCfg = Release|Any CPU
		{39A5CC9D-B71F-4DB5-98BE-81769C02886B}.Release|Any CPU.Build.0 = Release|Any CPU
		{1CF993B7-88C6-43F9-A174-FDC97EACA701}.Debug|Any CPU.ActiveCfg = Debug|Any CPU
		{1CF993B7-88C6-43F9-A174-FDC97EACA701}.Debug|Any CPU.Build.0 = Debug|Any CPU
		{1CF993B7-88C6-43F9-A174-FDC97EACA701}.Release|Any CPU.ActiveCfg = Release|Any CPU
		{1CF993B7-88C6-43F9-A174-FDC97EACA701}.Release|Any CPU.Build.0 = Release|Any CPU
		{3EF49B81-584F-4C43-AEA5-D656456C316F}.Debug|Any CPU.ActiveCfg = Debug|Any CPU
		{3EF49B81-584F-4C43-AEA5-D656456C316F}.Debug|Any CPU.Build.0 = Debug|Any CPU
		{3EF49B81-584F-4C43-AEA5-D656456C316F}.Release|Any CPU.ActiveCfg = Release|Any CPU
		{3EF49B81-584F-4C43-AEA5-D656456C316F}.Release|Any CPU.Build.0 = Release|Any CPU
		{2A0C5904-B0D2-4800-8C02-55027CBB96ED}.Debug|Any CPU.ActiveCfg = Debug|Any CPU
		{2A0C5904-B0D2-4800-8C02-55027CBB96ED}.Debug|Any CPU.Build.0 = Debug|Any CPU
		{2A0C5904-B0D2-4800-8C02-55027CBB96ED}.Release|Any CPU.ActiveCfg = Release|Any CPU
		{2A0C5904-B0D2-4800-8C02-55027CBB96ED}.Release|Any CPU.Build.0 = Release|Any CPU
	EndGlobalSection
	GlobalSection(SolutionProperties) = preSolution
		HideSolutionNode = FALSE
	EndGlobalSection
	GlobalSection(ExtensibilityGlobals) = postSolution
		SolutionGuid = {56A08C5A-F4CF-4B9F-B6C1-6A407EC392E7}
	EndGlobalSection
EndGlobal
